# This file is autogenerated, do not edit; changes may be undone by the next 'dep ensure'.


[[projects]]
  name = "github.com/hashicorp/yamux"
  packages = ["."]
  revision = "f5742cb6"

[[projects]]
  name = "github.com/sirupsen/logrus"
  packages = [".","hooks/syslog"]
  revision = "d682213848ed68c0a260ca37d6dd5ace8423f5ba"
  version = "v1.0.4"

[[projects]]
  branch = "master"
  name = "golang.org/x/crypto"
  packages = ["ssh/terminal"]
  revision = "5f55bce93ad2c89f411e009659bb1fd83da36e7b"

[[projects]]
  branch = "master"
  name = "golang.org/x/sys"
  packages = ["unix","windows"]
  revision = "810d7000345868fc619eb81f46307107118f4ae1"

[solve-meta]
  analyzer-name = "dep"
  analyzer-version = 1
  inputs-digest = "9818cb4d7334002e19f18d0c7797516c3b87b98b734bfcbf95fb41f9c488af1e"
  solver-name = "gps-cdcl"
  solver-version = 1
